<Solution>
  <Configurations>
    <Platform Name="Any CPU" />
    <Platform Name="x64" />
  </Configurations>
  <Project Path="Evasive-AES-256-CBC-Shellcode-Loader/Evasive-AES-256-CBC-Shellcode-Loader.csproj" Id="b56f9965-e2db-44ce-b66c-16d7d61dc83d">
    <Platform Solution="*|x64" Project="x64" />
  </Project>
</Solution>
